
Microsoft Visual Studio Solution File, Format Version 12.00
# Visual Studio Version 17
VisualStudioVersion = 17.7.34024.191
MinimumVisualStudioVersion = 10.0.40219.1
Project("{FAE04EC0-301F-11D3-BF4B-00C04F79EFBC}") = "Laboratorio 5 _ ejercicio 2", "Laboratorio 5 _ ejercicio 2.csproj", "{FCF74296-FA08-48F2-9515-D1B2C39E60EA}"
EndProject
Global
	GlobalSection(SolutionConfigurationPlatforms) = preSolution
		Debug|Any CPU = Debug|Any CPU
		Release|Any CPU = Release|Any CPU
	EndGlobalSection
	GlobalSection(ProjectConfigurationPlatforms) = postSolution
		{FCF74296-FA08-48F2-9515-D1B2C39E60EA}.Debug|Any CPU.ActiveCfg = Debug|Any CPU
		{FCF74296-FA08-48F2-9515-D1B2C39E60EA}.Debug|Any CPU.Build.0 = Debug|Any CPU
		{FCF74296-FA08-48F2-9515-D1B2C39E60EA}.Release|Any CPU.ActiveCfg = Release|Any CPU
		{FCF74296-FA08-48F2-9515-D1B2C39E60EA}.Release|Any CPU.Build.0 = Release|Any CPU
	EndGlobalSection
	GlobalSection(SolutionProperties) = preSolution
		HideSolutionNode = FALSE
	EndGlobalSection
	GlobalSection(ExtensibilityGlobals) = postSolution
		SolutionGuid = {FC055C8F-9A0D-443D-AC8F-D113E7F501B2}
	EndGlobalSection
EndGlobal
